
Microsoft Visual Studio Solution File, Format Version 12.00
# Visual Studio 15
VisualStudioVersion = 15.0.27703.2047
MinimumVisualStudioVersion = 10.0.40219.1
Project("{FAE04EC0-301F-11D3-BF4B-00C04F79EFBC}") = "Employers", "Employers\Employers.csproj", "{3931B0C6-8002-42D6-8A4A-D9CD372082FC}"
EndProject
Project("{FAE04EC0-301F-11D3-BF4B-00C04F79EFBC}") = "Employers.DAL", "DAL\Employers.DAL.csproj", "{411BFAC4-55CE-48A9-A58F-3A38359D6EE4}"
EndProject
Project("{FAE04EC0-301F-11D3-BF4B-00C04F79EFBC}") = "Employers.BL", "BL\Employers.BL.csproj", "{7CB53483-07B1-420B-956F-1D8FB925A3D0}"
EndProject
Global
	GlobalSection(SolutionConfigurationPlatforms) = preSolution
		Debug|Any CPU = Debug|Any CPU
		Release|Any CPU = Release|Any CPU
	EndGlobalSection
	GlobalSection(ProjectConfigurationPlatforms) = postSolution
		{3931B0C6-8002-42D6-8A4A-D9CD372082FC}.Debug|Any CPU.ActiveCfg = Debug|Any CPU
		{3931B0C6-8002-42D6-8A4A-D9CD372082FC}.Debug|Any CPU.Build.0 = Debug|Any CPU
		{3931B0C6-8002-42D6-8A4A-D9CD372082FC}.Release|Any CPU.ActiveCfg = Release|Any CPU
		{3931B0C6-8002-42D6-8A4A-D9CD372082FC}.Release|Any CPU.Build.0 = Release|Any CPU
		{411BFAC4-55CE-48A9-A58F-3A38359D6EE4}.Debug|Any CPU.ActiveCfg = Debug|Any CPU
		{411BFAC4-55CE-48A9-A58F-3A38359D6EE4}.Debug|Any CPU.Build.0 = Debug|Any CPU
		{411BFAC4-55CE-48A9-A58F-3A38359D6EE4}.Release|Any CPU.ActiveCfg = Release|Any CPU
		{411BFAC4-55CE-48A9-A58F-3A38359D6EE4}.Release|Any CPU.Build.0 = Release|Any CPU
		{7CB53483-07B1-420B-956F-1D8FB925A3D0}.Debug|Any CPU.ActiveCfg = Debug|Any CPU
		{7CB53483-07B1-420B-956F-1D8FB925A3D0}.Debug|Any CPU.Build.0 = Debug|Any CPU
		{7CB53483-07B1-420B-956F-1D8FB925A3D0}.Release|Any CPU.ActiveCfg = Release|Any CPU
		{7CB53483-07B1-420B-956F-1D8FB925A3D0}.Release|Any CPU.Build.0 = Release|Any CPU
	EndGlobalSection
	GlobalSection(SolutionProperties) = preSolution
		HideSolutionNode = FALSE
	EndGlobalSection
	GlobalSection(ExtensibilityGlobals) = postSolution
		SolutionGuid = {D126BD38-6401-4FDC-906B-FF08A6FAA587}
	EndGlobalSection
EndGlobal
